
Microsoft Visual Studio Solution File, Format Version 12.00
# Visual Studio Version 16
VisualStudioVersion = 16.0.33214.272
MinimumVisualStudioVersion = 10.0.40219.1
Project("{FAE04EC0-301F-11D3-BF4B-00C04F79EFBC}") = "THWindowForm01", "THWindowForm01\THWindowForm01.csproj", "{ADD9E415-381E-49F8-87DA-7AFAFF2C0D2E}"
EndProject
Global
	GlobalSection(SolutionConfigurationPlatforms) = preSolution
		Debug|Any CPU = Debug|Any CPU
		Release|Any CPU = Release|Any CPU
	EndGlobalSection
	GlobalSection(ProjectConfigurationPlatforms) = postSolution
		{ADD9E415-381E-49F8-87DA-7AFAFF2C0D2E}.Debug|Any CPU.ActiveCfg = Debug|Any CPU
		{ADD9E415-381E-49F8-87DA-7AFAFF2C0D2E}.Debug|Any CPU.Build.0 = Debug|Any CPU
		{ADD9E415-381E-49F8-87DA-7AFAFF2C0D2E}.Release|Any CPU.ActiveCfg = Release|Any CPU
		{ADD9E415-381E-49F8-87DA-7AFAFF2C0D2E}.Release|Any CPU.Build.0 = Release|Any CPU
	EndGlobalSection
	GlobalSection(SolutionProperties) = preSolution
		HideSolutionNode = FALSE
	EndGlobalSection
	GlobalSection(ExtensibilityGlobals) = postSolution
		SolutionGuid = {C81AE584-6AE7-4462-84F7-245C0798AEB5}
	EndGlobalSection
EndGlobal
